
Microsoft Visual Studio Solution File, Format Version 12.00
# Visual Studio Version 17
VisualStudioVersion = 17.12.35707.178 d17.12
MinimumVisualStudioVersion = 10.0.40219.1
Project("{FAE04EC0-301F-11D3-BF4B-00C04F79EFBC}") = "POO_CSharp_P13", "POO_CSharp_P13.csproj", "{13D99C4B-D1B3-48A0-A396-FA3C7900C266}"
EndProject
Global
	GlobalSection(SolutionConfigurationPlatforms) = preSolution
		Debug|Any CPU = Debug|Any CPU
		Release|Any CPU = Release|Any CPU
	EndGlobalSection
	GlobalSection(ProjectConfigurationPlatforms) = postSolution
		{13D99C4B-D1B3-48A0-A396-FA3C7900C266}.Debug|Any CPU.ActiveCfg = Debug|Any CPU
		{13D99C4B-D1B3-48A0-A396-FA3C7900C266}.Debug|Any CPU.Build.0 = Debug|Any CPU
		{13D99C4B-D1B3-48A0-A396-FA3C7900C266}.Release|Any CPU.ActiveCfg = Release|Any CPU
		{13D99C4B-D1B3-48A0-A396-FA3C7900C266}.Release|Any CPU.Build.0 = Release|Any CPU
	EndGlobalSection
	GlobalSection(SolutionProperties) = preSolution
		HideSolutionNode = FALSE
	EndGlobalSection
EndGlobal
